
Microsoft Visual Studio Solution File, Format Version 12.00
# Visual Studio Version 17
VisualStudioVersion = 17.6.33815.320
MinimumVisualStudioVersion = 10.0.40219.1
Project("{9A19103F-16F7-4668-BE54-9A1E7A4F7556}") = "PasswordPal.Core", "PasswordPal.Core\PasswordPal.Core.csproj", "{FAE05294-9137-47E1-BADC-A88FCBB4D76F}"
EndProject
Project("{9A19103F-16F7-4668-BE54-9A1E7A4F7556}") = "PasswordPal.Services", "PasswordPal.Services\PasswordPal.Services.csproj", "{2633669F-EAC5-4467-A89D-378A1FB959E0}"
EndProject
Project("{9A19103F-16F7-4668-BE54-9A1E7A4F7556}") = "PasswordPal.Tests", "PasswordPal.Tests\PasswordPal.Tests.csproj", "{DF4EB991-748D-48E2-837D-0F68DF5FA64D}"
EndProject
Project("{FAE04EC0-301F-11D3-BF4B-00C04F79EFBC}") = "PasswordPal.UI", "PasswordPal.UI\PasswordPal.UI.csproj", "{593C4B1E-0EF3-407D-881D-DE85D1AEFD3A}"
EndProject
Global
	GlobalSection(SolutionConfigurationPlatforms) = preSolution
		Debug|Any CPU = Debug|Any CPU
		Release|Any CPU = Release|Any CPU
	EndGlobalSection
	GlobalSection(ProjectConfigurationPlatforms) = postSolution
		{FAE05294-9137-47E1-BADC-A88FCBB4D76F}.Debug|Any CPU.ActiveCfg = Debug|Any CPU
		{FAE05294-9137-47E1-BADC-A88FCBB4D76F}.Debug|Any CPU.Build.0 = Debug|Any CPU
		{FAE05294-9137-47E1-BADC-A88FCBB4D76F}.Release|Any CPU.ActiveCfg = Release|Any CPU
		{FAE05294-9137-47E1-BADC-A88FCBB4D76F}.Release|Any CPU.Build.0 = Release|Any CPU
		{2633669F-EAC5-4467-A89D-378A1FB959E0}.Debug|Any CPU.ActiveCfg = Debug|Any CPU
		{2633669F-EAC5-4467-A89D-378A1FB959E0}.Debug|Any CPU.Build.0 = Debug|Any CPU
		{2633669F-EAC5-4467-A89D-378A1FB959E0}.Release|Any CPU.ActiveCfg = Release|Any CPU
		{2633669F-EAC5-4467-A89D-378A1FB959E0}.Release|Any CPU.Build.0 = Release|Any CPU
		{DF4EB991-748D-48E2-837D-0F68DF5FA64D}.Debug|Any CPU.ActiveCfg = Debug|Any CPU
		{DF4EB991-748D-48E2-837D-0F68DF5FA64D}.Debug|Any CPU.Build.0 = Debug|Any CPU
		{DF4EB991-748D-48E2-837D-0F68DF5FA64D}.Release|Any CPU.ActiveCfg = Release|Any CPU
		{DF4EB991-748D-48E2-837D-0F68DF5FA64D}.Release|Any CPU.Build.0 = Release|Any CPU
		{593C4B1E-0EF3-407D-881D-DE85D1AEFD3A}.Debug|Any CPU.ActiveCfg = Debug|Any CPU
		{593C4B1E-0EF3-407D-881D-DE85D1AEFD3A}.Debug|Any CPU.Build.0 = Debug|Any CPU
		{593C4B1E-0EF3-407D-881D-DE85D1AEFD3A}.Release|Any CPU.ActiveCfg = Release|Any CPU
		{593C4B1E-0EF3-407D-881D-DE85D1AEFD3A}.Release|Any CPU.Build.0 = Release|Any CPU
	EndGlobalSection
	GlobalSection(SolutionProperties) = preSolution
		HideSolutionNode = FALSE
	EndGlobalSection
EndGlobal
